
Microsoft Visual Studio Solution File, Format Version 12.00
# Visual Studio Version 17
VisualStudioVersion = 17.11.35222.181
MinimumVisualStudioVersion = 10.0.40219.1
Project("{FAE04EC0-301F-11D3-BF4B-00C04F79EFBC}") = "VizeCalismalari_3", "VizeCalismalari_3.csproj", "{85740380-F9BC-4566-B8FC-50762AEA459D}"
EndProject
Global
	GlobalSection(SolutionConfigurationPlatforms) = preSolution
		Debug|Any CPU = Debug|Any CPU
		Release|Any CPU = Release|Any CPU
	EndGlobalSection
	GlobalSection(ProjectConfigurationPlatforms) = postSolution
		{85740380-F9BC-4566-B8FC-50762AEA459D}.Debug|Any CPU.ActiveCfg = Debug|Any CPU
		{85740380-F9BC-4566-B8FC-50762AEA459D}.Debug|Any CPU.Build.0 = Debug|Any CPU
		{85740380-F9BC-4566-B8FC-50762AEA459D}.Release|Any CPU.ActiveCfg = Release|Any CPU
		{85740380-F9BC-4566-B8FC-50762AEA459D}.Release|Any CPU.Build.0 = Release|Any CPU
	EndGlobalSection
	GlobalSection(SolutionProperties) = preSolution
		HideSolutionNode = FALSE
	EndGlobalSection
	GlobalSection(ExtensibilityGlobals) = postSolution
		SolutionGuid = {F63B79A0-5A58-45D6-B51A-6E5E7559427B}
	EndGlobalSection
EndGlobal
